{
    "_readme": [
        "This file locks the dependencies of your project to a known state",
        "Read more about it at https://getcomposer.org/doc/01-basic-usage.md#installing-dependencies",
        "This file is @generated automatically"
    ],
    "content-hash": "de67b90b2173a0b0bc6ee8999904f7e2",
    "packages": [
        {
            "name": "adpolueva/polueva",
            "version": "1.0",
            "source": {
                "type": "git",
                "url": "https://github.com/adpolueva/polueva.git",
                "reference": "e29a6f59e2a913a15de1f2dd6377f6108f5d581b"
            },
            "dist": {
                "type": "zip",
                "url": "https://api.github.com/repos/adpolueva/polueva/zipball/e29a6f59e2a913a15de1f2dd6377f6108f5d581b",
                "reference": "e29a6f59e2a913a15de1f2dd6377f6108f5d581b",
                "shasum": ""
            },
            "require": {
                "rok9ru/trpo-core": "^2.0"
            },
            "type": "library",
            "autoload": {
                "psr-4": {
                    "polueva\\": ""
                }
            },
            "authors": [
                {
                    "name": "Polueva Alexandra",
                    "email": "killjoy.kemovski@gmail.com"
                }
            ],
            "support": {
                "source": "https://github.com/adpolueva/polueva/tree/1.0",
                "issues": "https://github.com/adpolueva/polueva/issues"
            },
            "time": "2021-02-14T15:52:34+00:00"
        },
        {
            "name": "rok9ru/trpo-core",
            "version": "2.0",
            "source": {
                "type": "git",
                "url": "https://github.com/rok9ru/trpo-core.git",
                "reference": "fd341399677df9ed17a71e4abb9230277ede5395"
            },
            "dist": {
                "type": "zip",
                "url": "https://api.github.com/repos/rok9ru/trpo-core/zipball/fd341399677df9ed17a71e4abb9230277ede5395",
                "reference": "fd341399677df9ed17a71e4abb9230277ede5395",
                "shasum": ""
            },
            "require": {
                "php": "^7.3.0"
            },
            "type": "library",
            "autoload": {
                "psr-4": {
                    "core\\": "core"
                }
            },
            "authors": [
                {
                    "name": "Sleepplayer",
                    "email": "rok_9@mail.ru"
                }
            ],
            "description": "Project for lesson subject \"TRPO\" test project",
            "support": {
                "source": "https://github.com/rok9ru/trpo-core/tree/2.0",
                "issues": "https://github.com/rok9ru/trpo-core/issues"
            },
            "time": "2021-01-13T12:08:11+00:00"
        }
    ],
    "packages-dev": [],
    "aliases": [],
    "minimum-stability": "dev",
    "stability-flags": [],
    "prefer-stable": false,
    "prefer-lowest": false,
    "platform": [],
    "platform-dev": [],
    "plugin-api-version": "2.0.0"
}
